
Microsoft Visual Studio Solution File, Format Version 12.00
# Visual Studio Version 17
VisualStudioVersion = 17.0.31825.309
MinimumVisualStudioVersion = 10.0.40219.1
Project("{9A19103F-16F7-4668-BE54-9A1E7A4F7556}") = "Phoenix.Core.Api", "Phoenix.Core.Api\Phoenix.Core.Api.csproj", "{1F609F6C-7BB6-4C2B-BA42-D5C10EEC34FF}"
EndProject
Project("{9A19103F-16F7-4668-BE54-9A1E7A4F7556}") = "Phoenix.Core.Api.Test.Unit", "Phoenix.Core.Api.Test.Unit\Phoenix.Core.Api.Test.Unit.csproj", "{B85CDA3B-B714-4E15-920C-48FE124F1210}"
EndProject
Project("{9A19103F-16F7-4668-BE54-9A1E7A4F7556}") = "Phoenix.Core.Api.test.Acceptance", "Phoenix.Core.Api.test.Acceptance\Phoenix.Core.Api.test.Acceptance.csproj", "{C39D8ED7-BC01-4EC5-92FF-C46F53CC02E1}"
EndProject
Project("{9A19103F-16F7-4668-BE54-9A1E7A4F7556}") = "Phoenix.Core.Infrastructure.build", "Phoenix.Core.Infrastructure.build\Phoenix.Core.Infrastructure.build.csproj", "{925B7A34-B066-4FFF-A699-D3E23D6435E2}"
EndProject
Project("{FAE04EC0-301F-11D3-BF4B-00C04F79EFBC}") = "Phoenix.Core.Api.Infrastructure.Provision", "Phoenix.Core.Api.Infrastructure.Provision\Phoenix.Core.Api.Infrastructure.Provision.csproj", "{01EF2AD1-F972-4D32-9B52-C88FA7F66378}"
EndProject
Global
	GlobalSection(SolutionConfigurationPlatforms) = preSolution
		Debug|Any CPU = Debug|Any CPU
		Release|Any CPU = Release|Any CPU
	EndGlobalSection
	GlobalSection(ProjectConfigurationPlatforms) = postSolution
		{1F609F6C-7BB6-4C2B-BA42-D5C10EEC34FF}.Debug|Any CPU.ActiveCfg = Debug|Any CPU
		{1F609F6C-7BB6-4C2B-BA42-D5C10EEC34FF}.Debug|Any CPU.Build.0 = Debug|Any CPU
		{1F609F6C-7BB6-4C2B-BA42-D5C10EEC34FF}.Release|Any CPU.ActiveCfg = Release|Any CPU
		{1F609F6C-7BB6-4C2B-BA42-D5C10EEC34FF}.Release|Any CPU.Build.0 = Release|Any CPU
		{B85CDA3B-B714-4E15-920C-48FE124F1210}.Debug|Any CPU.ActiveCfg = Debug|Any CPU
		{B85CDA3B-B714-4E15-920C-48FE124F1210}.Debug|Any CPU.Build.0 = Debug|Any CPU
		{B85CDA3B-B714-4E15-920C-48FE124F1210}.Release|Any CPU.ActiveCfg = Release|Any CPU
		{B85CDA3B-B714-4E15-920C-48FE124F1210}.Release|Any CPU.Build.0 = Release|Any CPU
		{C39D8ED7-BC01-4EC5-92FF-C46F53CC02E1}.Debug|Any CPU.ActiveCfg = Debug|Any CPU
		{C39D8ED7-BC01-4EC5-92FF-C46F53CC02E1}.Debug|Any CPU.Build.0 = Debug|Any CPU
		{C39D8ED7-BC01-4EC5-92FF-C46F53CC02E1}.Release|Any CPU.ActiveCfg = Release|Any CPU
		{C39D8ED7-BC01-4EC5-92FF-C46F53CC02E1}.Release|Any CPU.Build.0 = Release|Any CPU
		{925B7A34-B066-4FFF-A699-D3E23D6435E2}.Debug|Any CPU.ActiveCfg = Debug|Any CPU
		{925B7A34-B066-4FFF-A699-D3E23D6435E2}.Debug|Any CPU.Build.0 = Debug|Any CPU
		{925B7A34-B066-4FFF-A699-D3E23D6435E2}.Release|Any CPU.ActiveCfg = Release|Any CPU
		{925B7A34-B066-4FFF-A699-D3E23D6435E2}.Release|Any CPU.Build.0 = Release|Any CPU
		{01EF2AD1-F972-4D32-9B52-C88FA7F66378}.Debug|Any CPU.ActiveCfg = Debug|Any CPU
		{01EF2AD1-F972-4D32-9B52-C88FA7F66378}.Debug|Any CPU.Build.0 = Debug|Any CPU
		{01EF2AD1-F972-4D32-9B52-C88FA7F66378}.Release|Any CPU.ActiveCfg = Release|Any CPU
		{01EF2AD1-F972-4D32-9B52-C88FA7F66378}.Release|Any CPU.Build.0 = Release|Any CPU
	EndGlobalSection
	GlobalSection(SolutionProperties) = preSolution
		HideSolutionNode = FALSE
	EndGlobalSection
	GlobalSection(ExtensibilityGlobals) = postSolution
		SolutionGuid = {4F4A49D9-4E93-41A8-A583-77A9F0AA89D8}
	EndGlobalSection
EndGlobal
