
Microsoft Visual Studio Solution File, Format Version 12.00
# Visual Studio Version 16
VisualStudioVersion = 16.0.31702.278
MinimumVisualStudioVersion = 10.0.40219.1
Project("{FAE04EC0-301F-11D3-BF4B-00C04F79EFBC}") = "Phoenix.Core.Api", "Phoenix.Core.Api\Phoenix.Core.Api.csproj", "{1F609F6C-7BB6-4C2B-BA42-D5C10EEC34FF}"
EndProject
Global
	GlobalSection(SolutionConfigurationPlatforms) = preSolution
		Debug|Any CPU = Debug|Any CPU
		Release|Any CPU = Release|Any CPU
	EndGlobalSection
	GlobalSection(ProjectConfigurationPlatforms) = postSolution
		{1F609F6C-7BB6-4C2B-BA42-D5C10EEC34FF}.Debug|Any CPU.ActiveCfg = Debug|Any CPU
		{1F609F6C-7BB6-4C2B-BA42-D5C10EEC34FF}.Debug|Any CPU.Build.0 = Debug|Any CPU
		{1F609F6C-7BB6-4C2B-BA42-D5C10EEC34FF}.Release|Any CPU.ActiveCfg = Release|Any CPU
		{1F609F6C-7BB6-4C2B-BA42-D5C10EEC34FF}.Release|Any CPU.Build.0 = Release|Any CPU
	EndGlobalSection
	GlobalSection(SolutionProperties) = preSolution
		HideSolutionNode = FALSE
	EndGlobalSection
	GlobalSection(ExtensibilityGlobals) = postSolution
		SolutionGuid = {4F4A49D9-4E93-41A8-A583-77A9F0AA89D8}
	EndGlobalSection
EndGlobal
